# THIS IS AN AUTOGENERATED FILE. DO NOT EDIT THIS FILE DIRECTLY.
# yarn lockfile v1


array-to-csv@^1.0.1:
  version "1.0.1"
  resolved "https://registry.yarnpkg.com/array-to-csv/-/array-to-csv-1.0.1.tgz#7d623883e3d6aa2fb2ee5498ae6ae87e0c034b7c"
  integrity sha1-fWI4g+PWqi+y7lSYrmrofgwDS3w=

is-number@^7.0.0:
  version "7.0.0"
  resolved "https://registry.yarnpkg.com/is-number/-/is-number-7.0.0.tgz#7535345b896734d5f80c4d06c50955527a14f12b"
  integrity sha512-41Cifkg6e8TylSpdtTpeLVMqvSBEVzTttHvERD741+pnZ8ANv0004MRL43QKPDlK9cGvNp6NZWZUBlbGXYxxng==

minimist@^1.2.0:
  version "1.2.0"
  resolved "https://registry.yarnpkg.com/minimist/-/minimist-1.2.0.tgz#a35008b20f41383eec1fb914f4cd5df79a264284"
  integrity sha1-o1AIsg9BOD7sH7kU9M1d95omQoQ=

node-fetch@^2.6.0:
  version "2.6.0"
  resolved "https://registry.yarnpkg.com/node-fetch/-/node-fetch-2.6.0.tgz#e633456386d4aa55863f676a7ab0daa8fdecb0fd"
  integrity sha512-8dG4H5ujfvFiqDmVu9fQ5bOHUC15JMjMY/Zumv26oOvvVJjM67KF8koCWIabKQ1GJIa9r2mMZscBq/TbdOcmNA==

progress@^2.0.3:
  version "2.0.3"
  resolved "https://registry.yarnpkg.com/progress/-/progress-2.0.3.tgz#7e8cf8d8f5b8f239c1bc68beb4eb78567d572ef8"
  integrity sha512-7PiHtLll5LdnKIMw100I+8xJXR5gW2QwWYkT6iJva0bXitZKa/XMrSbdmg3r2Xnaidz9Qumd0VPaMrZlF9V9sA==
